
Microsoft Visual Studio Solution File, Format Version 12.00
# Visual Studio Version 17
VisualStudioVersion = 17.0.32112.339
MinimumVisualStudioVersion = 10.0.40219.1
Project("{FAE04EC0-301F-11D3-BF4B-00C04F79EFBC}") = "Object-Adapter", "Object-Adapter\Object-Adapter.csproj", "{2EFB7C78-84D2-4491-92E7-F505E26B1CAE}"
EndProject
Global
	GlobalSection(SolutionConfigurationPlatforms) = preSolution
		Debug|Any CPU = Debug|Any CPU
		Release|Any CPU = Release|Any CPU
	EndGlobalSection
	GlobalSection(ProjectConfigurationPlatforms) = postSolution
		{2EFB7C78-84D2-4491-92E7-F505E26B1CAE}.Debug|Any CPU.ActiveCfg = Debug|Any CPU
		{2EFB7C78-84D2-4491-92E7-F505E26B1CAE}.Debug|Any CPU.Build.0 = Debug|Any CPU
		{2EFB7C78-84D2-4491-92E7-F505E26B1CAE}.Release|Any CPU.ActiveCfg = Release|Any CPU
		{2EFB7C78-84D2-4491-92E7-F505E26B1CAE}.Release|Any CPU.Build.0 = Release|Any CPU
	EndGlobalSection
	GlobalSection(SolutionProperties) = preSolution
		HideSolutionNode = FALSE
	EndGlobalSection
	GlobalSection(ExtensibilityGlobals) = postSolution
		SolutionGuid = {D5B48375-125A-46A0-BF83-6EBEA04A8099}
	EndGlobalSection
EndGlobal
